// !$*UTF8*$!
{
	archiveVersion = 1;
	classes = {
	};
	objectVersion = 50;
	objects = {

/* Begin PBXBuildFile section */
		920EC640234C0D34009AC179 /* AppDelegate.swift in Sources */ = {isa = PBXBuildFile; fileRef = 920EC63F234C0D34009AC179 /* AppDelegate.swift */; };
		920EC642234C0D34009AC179 /* SceneDelegate.swift in Sources */ = {isa = PBXBuildFile; fileRef = 920EC641234C0D34009AC179 /* SceneDelegate.swift */; };
		920EC644234C0D34009AC179 /* ContentView.swift in Sources */ = {isa = PBXBuildFile; fileRef = 920EC643234C0D34009AC179 /* ContentView.swift */; };
		920EC646234C0D37009AC179 /* Assets.xcassets in Resources */ = {isa = PBXBuildFile; fileRef = 920EC645234C0D37009AC179 /* Assets.xcassets */; };
		920EC649234C0D37009AC179 /* Preview Assets.xcassets in Resources */ = {isa = PBXBuildFile; fileRef = 920EC648234C0D37009AC179 /* Preview Assets.xcassets */; };
		920EC64C234C0D37009AC179 /* LaunchScreen.storyboard in Resources */ = {isa = PBXBuildFile; fileRef = 920EC64A234C0D37009AC179 /* LaunchScreen.storyboard */; };
		920EC657234C0D38009AC179 /* SwiftUIPlaygroundTests.swift in Sources */ = {isa = PBXBuildFile; fileRef = 920EC656234C0D38009AC179 /* SwiftUIPlaygroundTests.swift */; };
		92523DEC234C151900803C34 /* MapView.swift in Sources */ = {isa = PBXBuildFile; fileRef = 92523DEB234C151900803C34 /* MapView.swift */; };
		92523DEE234C176A00803C34 /* CircleImage.swift in Sources */ = {isa = PBXBuildFile; fileRef = 92523DED234C176A00803C34 /* CircleImage.swift */; };
/* End PBXBuildFile section */

/* Begin PBXContainerItemProxy section */
		920EC653234C0D38009AC179 /* PBXContainerItemProxy */ = {
			isa = PBXContainerItemProxy;
			containerPortal = 920EC634234C0D34009AC179 /* Project object */;
			proxyType = 1;
			remoteGlobalIDString = 920EC63B234C0D34009AC179;
			remoteInfo = SwiftUIPlayground;
		};
/* End PBXContainerItemProxy section */

/* Begin PBXFileReference section */
		920EC63C234C0D34009AC179 /* SwiftUIPlayground.app */ = {isa = PBXFileReference; explicitFileType = wrapper.application; includeInIndex = 0; path = SwiftUIPlayground.app; sourceTree = BUILT_PRODUCTS_DIR; };
		920EC63F234C0D34009AC179 /* AppDelegate.swift */ = {isa = PBXFileReference; lastKnownFileType = sourcecode.swift; path = AppDelegate.swift; sourceTree = "<group>"; };
		920EC641234C0D34009AC179 /* SceneDelegate.swift */ = {isa = PBXFileReference; lastKnownFileType = sourcecode.swift; path = SceneDelegate.swift; sourceTree = "<group>"; };
		920EC643234C0D34009AC179 /* ContentView.swift */ = {isa = PBXFileReference; lastKnownFileType = sourcecode.swift; path = ContentView.swift; sourceTree = "<group>"; };
		920EC645234C0D37009AC179 /* Assets.xcassets */ = {isa = PBXFileReference; lastKnownFileType = folder.assetcatalog; path = Assets.xcassets; sourceTree = "<group>"; };
		920EC648234C0D37009AC179 /* Preview Assets.xcassets */ = {isa = PBXFileReference; lastKnownFileType = folder.assetcatalog; path = "Preview Assets.xcassets"; sourceTree = "<group>"; };
		920EC64B234C0D37009AC179 /* Base */ = {isa = PBXFileReference; lastKnownFileType = file.storyboard; name = Base; path = Base.lproj/LaunchScreen.storyboard; sourceTree = "<group>"; };
		920EC64D234C0D37009AC179 /* Info.plist */ = {isa = PBXFileReference; lastKnownFileType = text.plist.xml; path = Info.plist; sourceTree = "<group>"; };
		920EC652234C0D38009AC179 /* SwiftUIPlaygroundTests.xctest */ = {isa = PBXFileReference; explicitFileType = wrapper.cfbundle; includeInIndex = 0; path = SwiftUIPlaygroundTests.xctest; sourceTree = BUILT_PRODUCTS_DIR; };
		920EC656234C0D38009AC179 /* SwiftUIPlaygroundTests.swift */ = {isa = PBXFileReference; lastKnownFileType = sourcecode.swift; path = SwiftUIPlaygroundTests.swift; sourceTree = "<group>"; };
		920EC658234C0D38009AC179 /* Info.plist */ = {isa = PBXFileReference; lastKnownFileType = text.plist.xml; path = Info.plist; sourceTree = "<group>"; };
		92523DEB234C151900803C34 /* MapView.swift */ = {isa = PBXFileReference; lastKnownFileType = sourcecode.swift; path = MapView.swift; sourceTree = "<group>"; };
		92523DED234C176A00803C34 /* CircleImage.swift */ = {isa = PBXFileReference; lastKnownFileType = sourcecode.swift; path = CircleImage.swift; sourceTree = "<group>"; };
/* End PBXFileReference section */

/* Begin PBXFrameworksBuildPhase section */
		920EC639234C0D34009AC179 /* Frameworks */ = {
			isa = PBXFrameworksBuildPhase;
			buildActionMask = 2147483647;
			files = (
			);
			runOnlyForDeploymentPostprocessing = 0;
		};
		920EC64F234C0D38009AC179 /* Frameworks */ = {
			isa = PBXFrameworksBuildPhase;
			buildActionMask = 2147483647;
			files = (
			);
			runOnlyForDeploymentPostprocessing = 0;
		};
/* End PBXFrameworksBuildPhase section */

/* Begin PBXGroup section */
		920EC633234C0D34009AC179 = {
			isa = PBXGroup;
			children = (
				920EC63E234C0D34009AC179 /* SwiftUIPlayground */,
				920EC655234C0D38009AC179 /* SwiftUIPlaygroundTests */,
				920EC63D234C0D34009AC179 /* Products */,
			);
			sourceTree = "<group>";
		};
		920EC63D234C0D34009AC179 /* Products */ = {
			isa = PBXGroup;
			children = (
				920EC63C234C0D34009AC179 /* SwiftUIPlayground.app */,
				920EC652234C0D38009AC179 /* SwiftUIPlaygroundTests.xctest */,
			);
			name = Products;
			sourceTree = "<group>";
		};
		920EC63E234C0D34009AC179 /* SwiftUIPlayground */ = {
			isa = PBXGroup;
			children = (
				920EC63F234C0D34009AC179 /* AppDelegate.swift */,
				920EC641234C0D34009AC179 /* SceneDelegate.swift */,
				920EC643234C0D34009AC179 /* ContentView.swift */,
				92523DEB234C151900803C34 /* MapView.swift */,
				92523DED234C176A00803C34 /* CircleImage.swift */,
				920EC645234C0D37009AC179 /* Assets.xcassets */,
				920EC64A234C0D37009AC179 /* LaunchScreen.storyboard */,
				920EC64D234C0D37009AC179 /* Info.plist */,
				920EC647234C0D37009AC179 /* Preview Content */,
			);
			path = SwiftUIPlayground;
			sourceTree = "<group>";
		};
		920EC647234C0D37009AC179 /* Preview Content */ = {
			isa = PBXGroup;
			children = (
				920EC648234C0D37009AC179 /* Preview Assets.xcassets */,
			);
			path = "Preview Content";
			sourceTree = "<group>";
		};
		920EC655234C0D38009AC179 /* SwiftUIPlaygroundTests */ = {
			isa = PBXGroup;
			children = (
				920EC656234C0D38009AC179 /* SwiftUIPlaygroundTests.swift */,
				920EC658234C0D38009AC179 /* Info.plist */,
			);
			path = SwiftUIPlaygroundTests;
			sourceTree = "<group>";
		};
/* End PBXGroup section */

/* Begin PBXNativeTarget section */
		920EC63B234C0D34009AC179 /* SwiftUIPlayground */ = {
			isa = PBXNativeTarget;
			buildConfigurationList = 920EC65B234C0D38009AC179 /* Build configuration list for PBXNativeTarget "SwiftUIPlayground" */;
			buildPhases = (
				920EC638234C0D34009AC179 /* Sources */,
				920EC639234C0D34009AC179 /* Frameworks */,
				920EC63A234C0D34009AC179 /* Resources */,
			);
			buildRules = (
			);
			dependencies = (
			);
			name = SwiftUIPlayground;
			productName = SwiftUIPlayground;
			productReference = 920EC63C234C0D34009AC179 /* SwiftUIPlayground.app */;
			productType = "com.apple.product-type.application";
		};
		920EC651234C0D38009AC179 /* SwiftUIPlaygroundTests */ = {
			isa = PBXNativeTarget;
			buildConfigurationList = 920EC65E234C0D38009AC179 /* Build configuration list for PBXNativeTarget "SwiftUIPlaygroundTests" */;
			buildPhases = (
				920EC64E234C0D38009AC179 /* Sources */,
				920EC64F234C0D38009AC179 /* Frameworks */,
				920EC650234C0D38009AC179 /* Resources */,
			);
			buildRules = (
			);
			dependencies = (
				920EC654234C0D38009AC179 /* PBXTargetDependency */,
			);
			name = SwiftUIPlaygroundTests;
			productName = SwiftUIPlaygroundTests;
			productReference = 920EC652234C0D38009AC179 /* SwiftUIPlaygroundTests.xctest */;
			productType = "com.apple.product-type.bundle.unit-test";
		};
/* End PBXNativeTarget section */

/* Begin PBXProject section */
		920EC634234C0D34009AC179 /* Project object */ = {
			isa = PBXProject;
			attributes = {
				LastSwiftUpdateCheck = 1120;
				LastUpgradeCheck = 1120;
				ORGANIZATIONNAME = "Zach McGuckin";
				TargetAttributes = {
					920EC63B234C0D34009AC179 = {
						CreatedOnToolsVersion = 11.2;
					};
					920EC651234C0D38009AC179 = {
						CreatedOnToolsVersion = 11.2;
						TestTargetID = 920EC63B234C0D34009AC179;
					};
				};
			};
			buildConfigurationList = 920EC637234C0D34009AC179 /* Build configuration list for PBXProject "SwiftUIPlayground" */;
			compatibilityVersion = "Xcode 9.3";
			developmentRegion = en;
			hasScannedForEncodings = 0;
			knownRegions = (
				en,
				Base,
			);
			mainGroup = 920EC633234C0D34009AC179;
			productRefGroup = 920EC63D234C0D34009AC179 /* Products */;
			projectDirPath = "";
			projectRoot = "";
			targets = (
				920EC63B234C0D34009AC179 /* SwiftUIPlayground */,
				920EC651234C0D38009AC179 /* SwiftUIPlaygroundTests */,
			);
		};
/* End PBXProject section */

/* Begin PBXResourcesBuildPhase section */
		920EC63A234C0D34009AC179 /* Resources */ = {
			isa = PBXResourcesBuildPhase;
			buildActionMask = 2147483647;
			files = (
				920EC64C234C0D37009AC179 /* LaunchScreen.storyboard in Resources */,
				920EC649234C0D37009AC179 /* Preview Assets.xcassets in Resources */,
				920EC646234C0D37009AC179 /* Assets.xcassets in Resources */,
			);
			runOnlyForDeploymentPostprocessing = 0;
		};
		920EC650234C0D38009AC179 /* Resources */ = {
			isa = PBXResourcesBuildPhase;
			buildActionMask = 2147483647;
			files = (
			);
			runOnlyForDeploymentPostprocessing = 0;
		};
/* End PBXResourcesBuildPhase section */

/* Begin PBXSourcesBuildPhase section */
		920EC638234C0D34009AC179 /* Sources */ = {
			isa = PBXSourcesBuildPhase;
			buildActionMask = 2147483647;
			files = (
				920EC640234C0D34009AC179 /* AppDelegate.swift in Sources */,
				92523DEC234C151900803C34 /* MapView.swift in Sources */,
				920EC642234C0D34009AC179 /* SceneDelegate.swift in Sources */,
				920EC644234C0D34009AC179 /* ContentView.swift in Sources */,
				92523DEE234C176A00803C34 /* CircleImage.swift in Sources */,
			);
			runOnlyForDeploymentPostprocessing = 0;
		};
		920EC64E234C0D38009AC179 /* Sources */ = {
			isa = PBXSourcesBuildPhase;
			buildActionMask = 2147483647;
			files = (
				920EC657234C0D38009AC179 /* SwiftUIPlaygroundTests.swift in Sources */,
			);
			runOnlyForDeploymentPostprocessing = 0;
		};
/* End PBXSourcesBuildPhase section */

/* Begin PBXTargetDependency section */
		920EC654234C0D38009AC179 /* PBXTargetDependency */ = {
			isa = PBXTargetDependency;
			target = 920EC63B234C0D34009AC179 /* SwiftUIPlayground */;
			targetProxy = 920EC653234C0D38009AC179 /* PBXContainerItemProxy */;
		};
/* End PBXTargetDependency section */

/* Begin PBXVariantGroup section */
		920EC64A234C0D37009AC179 /* LaunchScreen.storyboard */ = {
			isa = PBXVariantGroup;
			children = (
				920EC64B234C0D37009AC179 /* Base */,
			);
			name = LaunchScreen.storyboard;
			sourceTree = "<group>";
		};
/* End PBXVariantGroup section */

/* Begin XCBuildConfiguration section */
		920EC659234C0D38009AC179 /* Debug */ = {
			isa = XCBuildConfiguration;
			buildSettings = {
				ALWAYS_SEARCH_USER_PATHS = NO;
				CLANG_ANALYZER_NONNULL = YES;
				CLANG_ANALYZER_NUMBER_OBJECT_CONVERSION = YES_AGGRESSIVE;
				CLANG_CXX_LANGUAGE_STANDARD = "gnu++14";
				CLANG_CXX_LIBRARY = "libc++";
				CLANG_ENABLE_MODULES = YES;
				CLANG_ENABLE_OBJC_ARC = YES;
				CLANG_ENABLE_OBJC_WEAK = YES;
				CLANG_WARN_BLOCK_CAPTURE_AUTORELEASING = YES;
				CLANG_WARN_BOOL_CONVERSION = YES;
				CLANG_WARN_COMMA = YES;
				CLANG_WARN_CONSTANT_CONVERSION = YES;
				CLANG_WARN_DEPRECATED_OBJC_IMPLEMENTATIONS = YES;
				CLANG_WARN_DIRECT_OBJC_ISA_USAGE = YES_ERROR;
				CLANG_WARN_DOCUMENTATION_COMMENTS = YES;
				CLANG_WARN_EMPTY_BODY = YES;
				CLANG_WARN_ENUM_CONVERSION = YES;
				CLANG_WARN_INFINITE_RECURSION = YES;
				CLANG_WARN_INT_CONVERSION = YES;
				CLANG_WARN_NON_LITERAL_NULL_CONVERSION = YES;
				CLANG_WARN_OBJC_IMPLICIT_RETAIN_SELF = YES;
				CLANG_WARN_OBJC_LITERAL_CONVERSION = YES;
				CLANG_WARN_OBJC_ROOT_CLASS = YES_ERROR;
				CLANG_WARN_RANGE_LOOP_ANALYSIS = YES;
				CLANG_WARN_STRICT_PROTOTYPES = YES;
				CLANG_WARN_SUSPICIOUS_MOVE = YES;
				CLANG_WARN_UNGUARDED_AVAILABILITY = YES_AGGRESSIVE;
				CLANG_WARN_UNREACHABLE_CODE = YES;
				CLANG_WARN__DUPLICATE_METHOD_MATCH = YES;
				COPY_PHASE_STRIP = NO;
				DEBUG_INFORMATION_FORMAT = dwarf;
				ENABLE_STRICT_OBJC_MSGSEND = YES;
				ENABLE_TESTABILITY = YES;
				GCC_C_LANGUAGE_STANDARD = gnu11;
				GCC_DYNAMIC_NO_PIC = NO;
				GCC_NO_COMMON_BLOCKS = YES;
				GCC_OPTIMIZATION_LEVEL = 0;
				GCC_PREPROCESSOR_DEFINITIONS = (
					"DEBUG=1",
					"$(inherited)",
				);
				GCC_WARN_64_TO_32_BIT_CONVERSION = YES;
				GCC_WARN_ABOUT_RETURN_TYPE = YES_ERROR;
				GCC_WARN_UNDECLARED_SELECTOR = YES;
				GCC_WARN_UNINITIALIZED_AUTOS = YES_AGGRESSIVE;
				GCC_WARN_UNUSED_FUNCTION = YES;
				GCC_WARN_UNUSED_VARIABLE = YES;
				IPHONEOS_DEPLOYMENT_TARGET = 13.2;
				MTL_ENABLE_DEBUG_INFO = INCLUDE_SOURCE;
				MTL_FAST_MATH = YES;
				ONLY_ACTIVE_ARCH = YES;
				SDKROOT = iphoneos;
				SWIFT_ACTIVE_COMPILATION_CONDITIONS = DEBUG;
				SWIFT_OPTIMIZATION_LEVEL = "-Onone";
			};
			name = Debug;
		};
		920EC65A234C0D38009AC179 /* Release */ = {
			isa = XCBuildConfiguration;
			buildSettings = {
				ALWAYS_SEARCH_USER_PATHS = NO;
				CLANG_ANALYZER_NONNULL = YES;
				CLANG_ANALYZER_NUMBER_OBJECT_CONVERSION = YES_AGGRESSIVE;
				CLANG_CXX_LANGUAGE_STANDARD = "gnu++14";
				CLANG_CXX_LIBRARY = "libc++";
				CLANG_ENABLE_MODULES = YES;
				CLANG_ENABLE_OBJC_ARC = YES;
				CLANG_ENABLE_OBJC_WEAK = YES;
				CLANG_WARN_BLOCK_CAPTURE_AUTORELEASING = YES;
				CLANG_WARN_BOOL_CONVERSION = YES;
				CLANG_WARN_COMMA = YES;
				CLANG_WARN_CONSTANT_CONVERSION = YES;
				CLANG_WARN_DEPRECATED_OBJC_IMPLEMENTATIONS = YES;
				CLANG_WARN_DIRECT_OBJC_ISA_USAGE = YES_ERROR;
				CLANG_WARN_DOCUMENTATION_COMMENTS = YES;
				CLANG_WARN_EMPTY_BODY = YES;
				CLANG_WARN_ENUM_CONVERSION = YES;
				CLANG_WARN_INFINITE_RECURSION = YES;
				CLANG_WARN_INT_CONVERSION = YES;
				CLANG_WARN_NON_LITERAL_NULL_CONVERSION = YES;
				CLANG_WARN_OBJC_IMPLICIT_RETAIN_SELF = YES;
				CLANG_WARN_OBJC_LITERAL_CONVERSION = YES;
				CLANG_WARN_OBJC_ROOT_CLASS = YES_ERROR;
				CLANG_WARN_RANGE_LOOP_ANALYSIS = YES;
				CLANG_WARN_STRICT_PROTOTYPES = YES;
				CLANG_WARN_SUSPICIOUS_MOVE = YES;
				CLANG_WARN_UNGUARDED_AVAILABILITY = YES_AGGRESSIVE;
				CLANG_WARN_UNREACHABLE_CODE = YES;
				CLANG_WARN__DUPLICATE_METHOD_MATCH = YES;
				COPY_PHASE_STRIP = NO;
				DEBUG_INFORMATION_FORMAT = "dwarf-with-dsym";
				ENABLE_NS_ASSERTIONS = NO;
				ENABLE_STRICT_OBJC_MSGSEND = YES;
				GCC_C_LANGUAGE_STANDARD = gnu11;
				GCC_NO_COMMON_BLOCKS = YES;
				GCC_WARN_64_TO_32_BIT_CONVERSION = YES;
				GCC_WARN_ABOUT_RETURN_TYPE = YES_ERROR;
				GCC_WARN_UNDECLARED_SELECTOR = YES;
				GCC_WARN_UNINITIALIZED_AUTOS = YES_AGGRESSIVE;
				GCC_WARN_UNUSED_FUNCTION = YES;
				GCC_WARN_UNUSED_VARIABLE = YES;
				IPHONEOS_DEPLOYMENT_TARGET = 13.2;
				MTL_ENABLE_DEBUG_INFO = NO;
				MTL_FAST_MATH = YES;
				SDKROOT = iphoneos;
				SWIFT_COMPILATION_MODE = wholemodule;
				SWIFT_OPTIMIZATION_LEVEL = "-O";
				VALIDATE_PRODUCT = YES;
			};
			name = Release;
		};
		920EC65C234C0D38009AC179 /* Debug */ = {
			isa = XCBuildConfiguration;
			buildSettings = {
				ASSETCATALOG_COMPILER_APPICON_NAME = AppIcon;
				CODE_SIGN_STYLE = Automatic;
				DEVELOPMENT_ASSET_PATHS = "\"SwiftUIPlayground/Preview Content\"";
				DEVELOPMENT_TEAM = N6MKWKZVQ7;
				ENABLE_PREVIEWS = YES;
				INFOPLIST_FILE = SwiftUIPlayground/Info.plist;
				LD_RUNPATH_SEARCH_PATHS = (
					"$(inherited)",
					"@executable_path/Frameworks",
				);
				PRODUCT_BUNDLE_IDENTIFIER = com.zmcguckin.SwiftUIPlayground;
				PRODUCT_NAME = "$(TARGET_NAME)";
				SWIFT_VERSION = 5.0;
				TARGETED_DEVICE_FAMILY = "1,2";
			};
			name = Debug;
		};
		920EC65D234C0D38009AC179 /* Release */ = {
			isa = XCBuildConfiguration;
			buildSettings = {
				ASSETCATALOG_COMPILER_APPICON_NAME = AppIcon;
				CODE_SIGN_STYLE = Automatic;
				DEVELOPMENT_ASSET_PATHS = "\"SwiftUIPlayground/Preview Content\"";
				DEVELOPMENT_TEAM = N6MKWKZVQ7;
				ENABLE_PREVIEWS = YES;
				INFOPLIST_FILE = SwiftUIPlayground/Info.plist;
				LD_RUNPATH_SEARCH_PATHS = (
					"$(inherited)",
					"@executable_path/Frameworks",
				);
				PRODUCT_BUNDLE_IDENTIFIER = com.zmcguckin.SwiftUIPlayground;
				PRODUCT_NAME = "$(TARGET_NAME)";
				SWIFT_VERSION = 5.0;
				TARGETED_DEVICE_FAMILY = "1,2";
			};
			name = Release;
		};
		920EC65F234C0D38009AC179 /* Debug */ = {
			isa = XCBuildConfiguration;
			buildSettings = {
				ALWAYS_EMBED_SWIFT_STANDARD_LIBRARIES = YES;
				BUNDLE_LOADER = "$(TEST_HOST)";
				CODE_SIGN_STYLE = Automatic;
				DEVELOPMENT_TEAM = N6MKWKZVQ7;
				INFOPLIST_FILE = SwiftUIPlaygroundTests/Info.plist;
				IPHONEOS_DEPLOYMENT_TARGET = 13.2;
				LD_RUNPATH_SEARCH_PATHS = (
					"$(inherited)",
					"@executable_path/Frameworks",
					"@loader_path/Frameworks",
				);
				PRODUCT_BUNDLE_IDENTIFIER = com.zmcguckin.SwiftUIPlaygroundTests;
				PRODUCT_NAME = "$(TARGET_NAME)";
				SWIFT_VERSION = 5.0;
				TARGETED_DEVICE_FAMILY = "1,2";
				TEST_HOST = "$(BUILT_PRODUCTS_DIR)/SwiftUIPlayground.app/SwiftUIPlayground";
			};
			name = Debug;
		};
		920EC660234C0D38009AC179 /* Release */ = {
			isa = XCBuildConfiguration;
			buildSettings = {
				ALWAYS_EMBED_SWIFT_STANDARD_LIBRARIES = YES;
				BUNDLE_LOADER = "$(TEST_HOST)";
				CODE_SIGN_STYLE = Automatic;
				DEVELOPMENT_TEAM = N6MKWKZVQ7;
				INFOPLIST_FILE = SwiftUIPlaygroundTests/Info.plist;
				IPHONEOS_DEPLOYMENT_TARGET = 13.2;
				LD_RUNPATH_SEARCH_PATHS = (
					"$(inherited)",
					"@executable_path/Frameworks",
					"@loader_path/Frameworks",
				);
				PRODUCT_BUNDLE_IDENTIFIER = com.zmcguckin.SwiftUIPlaygroundTests;
				PRODUCT_NAME = "$(TARGET_NAME)";
				SWIFT_VERSION = 5.0;
				TARGETED_DEVICE_FAMILY = "1,2";
				TEST_HOST = "$(BUILT_PRODUCTS_DIR)/SwiftUIPlayground.app/SwiftUIPlayground";
			};
			name = Release;
		};
/* End XCBuildConfiguration section */

/* Begin XCConfigurationList section */
		920EC637234C0D34009AC179 /* Build configuration list for PBXProject "SwiftUIPlayground" */ = {
			isa = XCConfigurationList;
			buildConfigurations = (
				920EC659234C0D38009AC179 /* Debug */,
				920EC65A234C0D38009AC179 /* Release */,
			);
			defaultConfigurationIsVisible = 0;
			defaultConfigurationName = Release;
		};
		920EC65B234C0D38009AC179 /* Build configuration list for PBXNativeTarget "SwiftUIPlayground" */ = {
			isa = XCConfigurationList;
			buildConfigurations = (
				920EC65C234C0D38009AC179 /* Debug */,
				920EC65D234C0D38009AC179 /* Release */,
			);
			defaultConfigurationIsVisible = 0;
			defaultConfigurationName = Release;
		};
		920EC65E234C0D38009AC179 /* Build configuration list for PBXNativeTarget "SwiftUIPlaygroundTests" */ = {
			isa = XCConfigurationList;
			buildConfigurations = (
				920EC65F234C0D38009AC179 /* Debug */,
				920EC660234C0D38009AC179 /* Release */,
			);
			defaultConfigurationIsVisible = 0;
			defaultConfigurationName = Release;
		};
/* End XCConfigurationList section */
	};
	rootObject = 920EC634234C0D34009AC179 /* Project object */;
}
